
Microsoft Visual Studio Solution File, Format Version 12.00
# Visual Studio Version 16
VisualStudioVersion = 16.0.30225.117
MinimumVisualStudioVersion = 10.0.40219.1
Project("{FAE04EC0-301F-11D3-BF4B-00C04F79EFBC}") = "XPY.MozJPEGService", "XPY.MozJPEGService\XPY.MozJPEGService.csproj", "{E2B57E34-9970-4A8B-93C3-2018AD389E50}"
EndProject
Project("{2150E333-8FDC-42A3-9474-1A3956D46DE8}") = "Solution Items", "Solution Items", "{635DC241-A824-466D-9C40-BFD94D74F66D}"
	ProjectSection(SolutionItems) = preProject
		README.md = README.md
	EndProjectSection
EndProject
Global
	GlobalSection(SolutionConfigurationPlatforms) = preSolution
		Debug|Any CPU = Debug|Any CPU
		Release|Any CPU = Release|Any CPU
	EndGlobalSection
	GlobalSection(ProjectConfigurationPlatforms) = postSolution
		{E2B57E34-9970-4A8B-93C3-2018AD389E50}.Debug|Any CPU.ActiveCfg = Debug|Any CPU
		{E2B57E34-9970-4A8B-93C3-2018AD389E50}.Debug|Any CPU.Build.0 = Debug|Any CPU
		{E2B57E34-9970-4A8B-93C3-2018AD389E50}.Release|Any CPU.ActiveCfg = Release|Any CPU
		{E2B57E34-9970-4A8B-93C3-2018AD389E50}.Release|Any CPU.Build.0 = Release|Any CPU
	EndGlobalSection
	GlobalSection(SolutionProperties) = preSolution
		HideSolutionNode = FALSE
	EndGlobalSection
	GlobalSection(ExtensibilityGlobals) = postSolution
		SolutionGuid = {D518043B-A8D6-45FA-9DEE-766BEA0E5AEC}
	EndGlobalSection
EndGlobal
